// !$*UTF8*$!
{
	archiveVersion = 1;
	classes = {
	};
	objectVersion = 56;
	objects = {

/* Begin PBXBuildFile section */
		4AD83EE929C8BFC2009E29FE /* AppDelegate.swift in Sources */ = {isa = PBXBuildFile; fileRef = 4AD83EE829C8BFC2009E29FE /* AppDelegate.swift */; };
		4AD83EEB29C8BFC2009E29FE /* SceneDelegate.swift in Sources */ = {isa = PBXBuildFile; fileRef = 4AD83EEA29C8BFC2009E29FE /* SceneDelegate.swift */; };
		4AD83EED29C8BFC2009E29FE /* ViewController.swift in Sources */ = {isa = PBXBuildFile; fileRef = 4AD83EEC29C8BFC2009E29FE /* ViewController.swift */; };
		4AD83EF029C8BFC2009E29FE /* Main.storyboard in Resources */ = {isa = PBXBuildFile; fileRef = 4AD83EEE29C8BFC2009E29FE /* Main.storyboard */; };
		4AD83EF229C8BFC4009E29FE /* Assets.xcassets in Resources */ = {isa = PBXBuildFile; fileRef = 4AD83EF129C8BFC4009E29FE /* Assets.xcassets */; };
		4AD83EF529C8BFC4009E29FE /* LaunchScreen.storyboard in Resources */ = {isa = PBXBuildFile; fileRef = 4AD83EF329C8BFC4009E29FE /* LaunchScreen.storyboard */; };
		4AD83EFD29C8BFF0009E29FE /* CaptchaImageView.swift in Sources */ = {isa = PBXBuildFile; fileRef = 4AD83EFC29C8BFF0009E29FE /* CaptchaImageView.swift */; };
		4AD83F0029C8C2FC009E29FE /* Images in Resources */ = {isa = PBXBuildFile; fileRef = 4AD83EFE29C8C2FC009E29FE /* Images */; };
		4AD83F0129C8C2FC009E29FE /* Sounds in Resources */ = {isa = PBXBuildFile; fileRef = 4AD83EFF29C8C2FC009E29FE /* Sounds */; };
/* End PBXBuildFile section */

/* Begin PBXFileReference section */
		4AD83EE529C8BFC2009E29FE /* captcha.app */ = {isa = PBXFileReference; explicitFileType = wrapper.application; includeInIndex = 0; path = captcha.app; sourceTree = BUILT_PRODUCTS_DIR; };
		4AD83EE829C8BFC2009E29FE /* AppDelegate.swift */ = {isa = PBXFileReference; lastKnownFileType = sourcecode.swift; path = AppDelegate.swift; sourceTree = "<group>"; };
		4AD83EEA29C8BFC2009E29FE /* SceneDelegate.swift */ = {isa = PBXFileReference; lastKnownFileType = sourcecode.swift; path = SceneDelegate.swift; sourceTree = "<group>"; };
		4AD83EEC29C8BFC2009E29FE /* ViewController.swift */ = {isa = PBXFileReference; lastKnownFileType = sourcecode.swift; path = ViewController.swift; sourceTree = "<group>"; };
		4AD83EEF29C8BFC2009E29FE /* Base */ = {isa = PBXFileReference; lastKnownFileType = file.storyboard; name = Base; path = Base.lproj/Main.storyboard; sourceTree = "<group>"; };
		4AD83EF129C8BFC4009E29FE /* Assets.xcassets */ = {isa = PBXFileReference; lastKnownFileType = folder.assetcatalog; path = Assets.xcassets; sourceTree = "<group>"; };
		4AD83EF429C8BFC4009E29FE /* Base */ = {isa = PBXFileReference; lastKnownFileType = file.storyboard; name = Base; path = Base.lproj/LaunchScreen.storyboard; sourceTree = "<group>"; };
		4AD83EF629C8BFC4009E29FE /* Info.plist */ = {isa = PBXFileReference; lastKnownFileType = text.plist.xml; path = Info.plist; sourceTree = "<group>"; };
		4AD83EFC29C8BFF0009E29FE /* CaptchaImageView.swift */ = {isa = PBXFileReference; lastKnownFileType = sourcecode.swift; path = CaptchaImageView.swift; sourceTree = "<group>"; };
		4AD83EFE29C8C2FC009E29FE /* Images */ = {isa = PBXFileReference; lastKnownFileType = folder; name = Images; path = "../../../../../Downloads/Captcha files/Images"; sourceTree = "<group>"; };
		4AD83EFF29C8C2FC009E29FE /* Sounds */ = {isa = PBXFileReference; lastKnownFileType = folder; name = Sounds; path = "../../../../../Downloads/Captcha files/Sounds"; sourceTree = "<group>"; };
/* End PBXFileReference section */

/* Begin PBXFrameworksBuildPhase section */
		4AD83EE229C8BFC2009E29FE /* Frameworks */ = {
			isa = PBXFrameworksBuildPhase;
			buildActionMask = 2147483647;
			files = (
			);
			runOnlyForDeploymentPostprocessing = 0;
		};
/* End PBXFrameworksBuildPhase section */

/* Begin PBXGroup section */
		4AD83EDC29C8BFC2009E29FE = {
			isa = PBXGroup;
			children = (
				4AD83EE729C8BFC2009E29FE /* captcha */,
				4AD83EE629C8BFC2009E29FE /* Products */,
			);
			sourceTree = "<group>";
		};
		4AD83EE629C8BFC2009E29FE /* Products */ = {
			isa = PBXGroup;
			children = (
				4AD83EE529C8BFC2009E29FE /* captcha.app */,
			);
			name = Products;
			sourceTree = "<group>";
		};
		4AD83EE729C8BFC2009E29FE /* captcha */ = {
			isa = PBXGroup;
			children = (
				4AD83EFE29C8C2FC009E29FE /* Images */,
				4AD83EFF29C8C2FC009E29FE /* Sounds */,
				4AD83EFC29C8BFF0009E29FE /* CaptchaImageView.swift */,
				4AD83EE829C8BFC2009E29FE /* AppDelegate.swift */,
				4AD83EEA29C8BFC2009E29FE /* SceneDelegate.swift */,
				4AD83EEC29C8BFC2009E29FE /* ViewController.swift */,
				4AD83EEE29C8BFC2009E29FE /* Main.storyboard */,
				4AD83EF129C8BFC4009E29FE /* Assets.xcassets */,
				4AD83EF329C8BFC4009E29FE /* LaunchScreen.storyboard */,
				4AD83EF629C8BFC4009E29FE /* Info.plist */,
			);
			path = captcha;
			sourceTree = "<group>";
		};
/* End PBXGroup section */

/* Begin PBXNativeTarget section */
		4AD83EE429C8BFC2009E29FE /* captcha */ = {
			isa = PBXNativeTarget;
			buildConfigurationList = 4AD83EF929C8BFC4009E29FE /* Build configuration list for PBXNativeTarget "captcha" */;
			buildPhases = (
				4AD83EE129C8BFC2009E29FE /* Sources */,
				4AD83EE229C8BFC2009E29FE /* Frameworks */,
				4AD83EE329C8BFC2009E29FE /* Resources */,
			);
			buildRules = (
			);
			dependencies = (
			);
			name = captcha;
			productName = captcha;
			productReference = 4AD83EE529C8BFC2009E29FE /* captcha.app */;
			productType = "com.apple.product-type.application";
		};
/* End PBXNativeTarget section */

/* Begin PBXProject section */
		4AD83EDD29C8BFC2009E29FE /* Project object */ = {
			isa = PBXProject;
			attributes = {
				BuildIndependentTargetsInParallel = 1;
				LastSwiftUpdateCheck = 1400;
				LastUpgradeCheck = 1400;
				TargetAttributes = {
					4AD83EE429C8BFC2009E29FE = {
						CreatedOnToolsVersion = 14.0.1;
					};
				};
			};
			buildConfigurationList = 4AD83EE029C8BFC2009E29FE /* Build configuration list for PBXProject "captcha" */;
			compatibilityVersion = "Xcode 14.0";
			developmentRegion = en;
			hasScannedForEncodings = 0;
			knownRegions = (
				en,
				Base,
			);
			mainGroup = 4AD83EDC29C8BFC2009E29FE;
			productRefGroup = 4AD83EE629C8BFC2009E29FE /* Products */;
			projectDirPath = "";
			projectRoot = "";
			targets = (
				4AD83EE429C8BFC2009E29FE /* captcha */,
			);
		};
/* End PBXProject section */

/* Begin PBXResourcesBuildPhase section */
		4AD83EE329C8BFC2009E29FE /* Resources */ = {
			isa = PBXResourcesBuildPhase;
			buildActionMask = 2147483647;
			files = (
				4AD83F0129C8C2FC009E29FE /* Sounds in Resources */,
				4AD83F0029C8C2FC009E29FE /* Images in Resources */,
				4AD83EF529C8BFC4009E29FE /* LaunchScreen.storyboard in Resources */,
				4AD83EF229C8BFC4009E29FE /* Assets.xcassets in Resources */,
				4AD83EF029C8BFC2009E29FE /* Main.storyboard in Resources */,
			);
			runOnlyForDeploymentPostprocessing = 0;
		};
/* End PBXResourcesBuildPhase section */

/* Begin PBXSourcesBuildPhase section */
		4AD83EE129C8BFC2009E29FE /* Sources */ = {
			isa = PBXSourcesBuildPhase;
			buildActionMask = 2147483647;
			files = (
				4AD83EED29C8BFC2009E29FE /* ViewController.swift in Sources */,
				4AD83EFD29C8BFF0009E29FE /* CaptchaImageView.swift in Sources */,
				4AD83EE929C8BFC2009E29FE /* AppDelegate.swift in Sources */,
				4AD83EEB29C8BFC2009E29FE /* SceneDelegate.swift in Sources */,
			);
			runOnlyForDeploymentPostprocessing = 0;
		};
/* End PBXSourcesBuildPhase section */

/* Begin PBXVariantGroup section */
		4AD83EEE29C8BFC2009E29FE /* Main.storyboard */ = {
			isa = PBXVariantGroup;
			children = (
				4AD83EEF29C8BFC2009E29FE /* Base */,
			);
			name = Main.storyboard;
			sourceTree = "<group>";
		};
		4AD83EF329C8BFC4009E29FE /* LaunchScreen.storyboard */ = {
			isa = PBXVariantGroup;
			children = (
				4AD83EF429C8BFC4009E29FE /* Base */,
			);
			name = LaunchScreen.storyboard;
			sourceTree = "<group>";
		};
/* End PBXVariantGroup section */

/* Begin XCBuildConfiguration section */
		4AD83EF729C8BFC4009E29FE /* Debug */ = {
			isa = XCBuildConfiguration;
			buildSettings = {
				ALWAYS_SEARCH_USER_PATHS = NO;
				CLANG_ANALYZER_NONNULL = YES;
				CLANG_ANALYZER_NUMBER_OBJECT_CONVERSION = YES_AGGRESSIVE;
				CLANG_CXX_LANGUAGE_STANDARD = "gnu++20";
				CLANG_ENABLE_MODULES = YES;
				CLANG_ENABLE_OBJC_ARC = YES;
				CLANG_ENABLE_OBJC_WEAK = YES;
				CLANG_WARN_BLOCK_CAPTURE_AUTORELEASING = YES;
				CLANG_WARN_BOOL_CONVERSION = YES;
				CLANG_WARN_COMMA = YES;
				CLANG_WARN_CONSTANT_CONVERSION = YES;
				CLANG_WARN_DEPRECATED_OBJC_IMPLEMENTATIONS = YES;
				CLANG_WARN_DIRECT_OBJC_ISA_USAGE = YES_ERROR;
				CLANG_WARN_DOCUMENTATION_COMMENTS = YES;
				CLANG_WARN_EMPTY_BODY = YES;
				CLANG_WARN_ENUM_CONVERSION = YES;
				CLANG_WARN_INFINITE_RECURSION = YES;
				CLANG_WARN_INT_CONVERSION = YES;
				CLANG_WARN_NON_LITERAL_NULL_CONVERSION = YES;
				CLANG_WARN_OBJC_IMPLICIT_RETAIN_SELF = YES;
				CLANG_WARN_OBJC_LITERAL_CONVERSION = YES;
				CLANG_WARN_OBJC_ROOT_CLASS = YES_ERROR;
				CLANG_WARN_QUOTED_INCLUDE_IN_FRAMEWORK_HEADER = YES;
				CLANG_WARN_RANGE_LOOP_ANALYSIS = YES;
				CLANG_WARN_STRICT_PROTOTYPES = YES;
				CLANG_WARN_SUSPICIOUS_MOVE = YES;
				CLANG_WARN_UNGUARDED_AVAILABILITY = YES_AGGRESSIVE;
				CLANG_WARN_UNREACHABLE_CODE = YES;
				CLANG_WARN__DUPLICATE_METHOD_MATCH = YES;
				COPY_PHASE_STRIP = NO;
				DEBUG_INFORMATION_FORMAT = dwarf;
				ENABLE_STRICT_OBJC_MSGSEND = YES;
				ENABLE_TESTABILITY = YES;
				GCC_C_LANGUAGE_STANDARD = gnu11;
				GCC_DYNAMIC_NO_PIC = NO;
				GCC_NO_COMMON_BLOCKS = YES;
				GCC_OPTIMIZATION_LEVEL = 0;
				GCC_PREPROCESSOR_DEFINITIONS = (
					"DEBUG=1",
					"$(inherited)",
				);
				GCC_WARN_64_TO_32_BIT_CONVERSION = YES;
				GCC_WARN_ABOUT_RETURN_TYPE = YES_ERROR;
				GCC_WARN_UNDECLARED_SELECTOR = YES;
				GCC_WARN_UNINITIALIZED_AUTOS = YES_AGGRESSIVE;
				GCC_WARN_UNUSED_FUNCTION = YES;
				GCC_WARN_UNUSED_VARIABLE = YES;
				IPHONEOS_DEPLOYMENT_TARGET = 16.0;
				MTL_ENABLE_DEBUG_INFO = INCLUDE_SOURCE;
				MTL_FAST_MATH = YES;
				ONLY_ACTIVE_ARCH = YES;
				SDKROOT = iphoneos;
				SWIFT_ACTIVE_COMPILATION_CONDITIONS = DEBUG;
				SWIFT_OPTIMIZATION_LEVEL = "-Onone";
			};
			name = Debug;
		};
		4AD83EF829C8BFC4009E29FE /* Release */ = {
			isa = XCBuildConfiguration;
			buildSettings = {
				ALWAYS_SEARCH_USER_PATHS = NO;
				CLANG_ANALYZER_NONNULL = YES;
				CLANG_ANALYZER_NUMBER_OBJECT_CONVERSION = YES_AGGRESSIVE;
				CLANG_CXX_LANGUAGE_STANDARD = "gnu++20";
				CLANG_ENABLE_MODULES = YES;
				CLANG_ENABLE_OBJC_ARC = YES;
				CLANG_ENABLE_OBJC_WEAK = YES;
				CLANG_WARN_BLOCK_CAPTURE_AUTORELEASING = YES;
				CLANG_WARN_BOOL_CONVERSION = YES;
				CLANG_WARN_COMMA = YES;
				CLANG_WARN_CONSTANT_CONVERSION = YES;
				CLANG_WARN_DEPRECATED_OBJC_IMPLEMENTATIONS = YES;
				CLANG_WARN_DIRECT_OBJC_ISA_USAGE = YES_ERROR;
				CLANG_WARN_DOCUMENTATION_COMMENTS = YES;
				CLANG_WARN_EMPTY_BODY = YES;
				CLANG_WARN_ENUM_CONVERSION = YES;
				CLANG_WARN_INFINITE_RECURSION = YES;
				CLANG_WARN_INT_CONVERSION = YES;
				CLANG_WARN_NON_LITERAL_NULL_CONVERSION = YES;
				CLANG_WARN_OBJC_IMPLICIT_RETAIN_SELF = YES;
				CLANG_WARN_OBJC_LITERAL_CONVERSION = YES;
				CLANG_WARN_OBJC_ROOT_CLASS = YES_ERROR;
				CLANG_WARN_QUOTED_INCLUDE_IN_FRAMEWORK_HEADER = YES;
				CLANG_WARN_RANGE_LOOP_ANALYSIS = YES;
				CLANG_WARN_STRICT_PROTOTYPES = YES;
				CLANG_WARN_SUSPICIOUS_MOVE = YES;
				CLANG_WARN_UNGUARDED_AVAILABILITY = YES_AGGRESSIVE;
				CLANG_WARN_UNREACHABLE_CODE = YES;
				CLANG_WARN__DUPLICATE_METHOD_MATCH = YES;
				COPY_PHASE_STRIP = NO;
				DEBUG_INFORMATION_FORMAT = "dwarf-with-dsym";
				ENABLE_NS_ASSERTIONS = NO;
				ENABLE_STRICT_OBJC_MSGSEND = YES;
				GCC_C_LANGUAGE_STANDARD = gnu11;
				GCC_NO_COMMON_BLOCKS = YES;
				GCC_WARN_64_TO_32_BIT_CONVERSION = YES;
				GCC_WARN_ABOUT_RETURN_TYPE = YES_ERROR;
				GCC_WARN_UNDECLARED_SELECTOR = YES;
				GCC_WARN_UNINITIALIZED_AUTOS = YES_AGGRESSIVE;
				GCC_WARN_UNUSED_FUNCTION = YES;
				GCC_WARN_UNUSED_VARIABLE = YES;
				IPHONEOS_DEPLOYMENT_TARGET = 16.0;
				MTL_ENABLE_DEBUG_INFO = NO;
				MTL_FAST_MATH = YES;
				SDKROOT = iphoneos;
				SWIFT_COMPILATION_MODE = wholemodule;
				SWIFT_OPTIMIZATION_LEVEL = "-O";
				VALIDATE_PRODUCT = YES;
			};
			name = Release;
		};
		4AD83EFA29C8BFC4009E29FE /* Debug */ = {
			isa = XCBuildConfiguration;
			buildSettings = {
				ASSETCATALOG_COMPILER_APPICON_NAME = AppIcon;
				ASSETCATALOG_COMPILER_GLOBAL_ACCENT_COLOR_NAME = AccentColor;
				CODE_SIGN_STYLE = Automatic;
				CURRENT_PROJECT_VERSION = 1;
				DEVELOPMENT_TEAM = 62RLY7SNUM;
				GENERATE_INFOPLIST_FILE = YES;
				INFOPLIST_FILE = captcha/Info.plist;
				INFOPLIST_KEY_UIApplicationSupportsIndirectInputEvents = YES;
				INFOPLIST_KEY_UILaunchStoryboardName = LaunchScreen;
				INFOPLIST_KEY_UIMainStoryboardFile = Main;
				INFOPLIST_KEY_UISupportedInterfaceOrientations_iPad = "UIInterfaceOrientationPortrait UIInterfaceOrientationPortraitUpsideDown UIInterfaceOrientationLandscapeLeft UIInterfaceOrientationLandscapeRight";
				INFOPLIST_KEY_UISupportedInterfaceOrientations_iPhone = "UIInterfaceOrientationPortrait UIInterfaceOrientationLandscapeLeft UIInterfaceOrientationLandscapeRight";
				LD_RUNPATH_SEARCH_PATHS = (
					"$(inherited)",
					"@executable_path/Frameworks",
				);
				MARKETING_VERSION = 1.0;
				PRODUCT_BUNDLE_IDENTIFIER = com.example.captcha;
				PRODUCT_NAME = "$(TARGET_NAME)";
				SWIFT_EMIT_LOC_STRINGS = YES;
				SWIFT_VERSION = 5.0;
				TARGETED_DEVICE_FAMILY = "1,2";
			};
			name = Debug;
		};
		4AD83EFB29C8BFC4009E29FE /* Release */ = {
			isa = XCBuildConfiguration;
			buildSettings = {
				ASSETCATALOG_COMPILER_APPICON_NAME = AppIcon;
				ASSETCATALOG_COMPILER_GLOBAL_ACCENT_COLOR_NAME = AccentColor;
				CODE_SIGN_STYLE = Automatic;
				CURRENT_PROJECT_VERSION = 1;
				DEVELOPMENT_TEAM = 62RLY7SNUM;
				GENERATE_INFOPLIST_FILE = YES;
				INFOPLIST_FILE = captcha/Info.plist;
				INFOPLIST_KEY_UIApplicationSupportsIndirectInputEvents = YES;
				INFOPLIST_KEY_UILaunchStoryboardName = LaunchScreen;
				INFOPLIST_KEY_UIMainStoryboardFile = Main;
				INFOPLIST_KEY_UISupportedInterfaceOrientations_iPad = "UIInterfaceOrientationPortrait UIInterfaceOrientationPortraitUpsideDown UIInterfaceOrientationLandscapeLeft UIInterfaceOrientationLandscapeRight";
				INFOPLIST_KEY_UISupportedInterfaceOrientations_iPhone = "UIInterfaceOrientationPortrait UIInterfaceOrientationLandscapeLeft UIInterfaceOrientationLandscapeRight";
				LD_RUNPATH_SEARCH_PATHS = (
					"$(inherited)",
					"@executable_path/Frameworks",
				);
				MARKETING_VERSION = 1.0;
				PRODUCT_BUNDLE_IDENTIFIER = com.example.captcha;
				PRODUCT_NAME = "$(TARGET_NAME)";
				SWIFT_EMIT_LOC_STRINGS = YES;
				SWIFT_VERSION = 5.0;
				TARGETED_DEVICE_FAMILY = "1,2";
			};
			name = Release;
		};
/* End XCBuildConfiguration section */

/* Begin XCConfigurationList section */
		4AD83EE029C8BFC2009E29FE /* Build configuration list for PBXProject "captcha" */ = {
			isa = XCConfigurationList;
			buildConfigurations = (
				4AD83EF729C8BFC4009E29FE /* Debug */,
				4AD83EF829C8BFC4009E29FE /* Release */,
			);
			defaultConfigurationIsVisible = 0;
			defaultConfigurationName = Release;
		};
		4AD83EF929C8BFC4009E29FE /* Build configuration list for PBXNativeTarget "captcha" */ = {
			isa = XCConfigurationList;
			buildConfigurations = (
				4AD83EFA29C8BFC4009E29FE /* Debug */,
				4AD83EFB29C8BFC4009E29FE /* Release */,
			);
			defaultConfigurationIsVisible = 0;
			defaultConfigurationName = Release;
		};
/* End XCConfigurationList section */
	};
	rootObject = 4AD83EDD29C8BFC2009E29FE /* Project object */;
}
